// !$*UTF8*$!
{
	archiveVersion = 1;
	classes = {
	};
	objectVersion = 48;
	objects = {

/* Begin PBXBuildFile section */
		E9DD53F9208DCE8C00DD9AD2 /* AppDelegate.swift in Sources */ = {isa = PBXBuildFile; fileRef = E9DD53F8208DCE8C00DD9AD2 /* AppDelegate.swift */; };
		E9DD53FB208DCE8C00DD9AD2 /* ViewController.swift in Sources */ = {isa = PBXBuildFile; fileRef = E9DD53FA208DCE8C00DD9AD2 /* ViewController.swift */; };
		E9DD53FE208DCE8C00DD9AD2 /* Main.storyboard in Resources */ = {isa = PBXBuildFile; fileRef = E9DD53FC208DCE8C00DD9AD2 /* Main.storyboard */; };
		E9DD5400208DCE8C00DD9AD2 /* Assets.xcassets in Resources */ = {isa = PBXBuildFile; fileRef = E9DD53FF208DCE8C00DD9AD2 /* Assets.xcassets */; };
		E9DD5403208DCE8C00DD9AD2 /* LaunchScreen.storyboard in Resources */ = {isa = PBXBuildFile; fileRef = E9DD5401208DCE8C00DD9AD2 /* LaunchScreen.storyboard */; };
		E9DD540B208DD2B800DD9AD2 /* PageViewController.swift in Sources */ = {isa = PBXBuildFile; fileRef = E9DD540A208DD2B800DD9AD2 /* PageViewController.swift */; };
		E9DD540D208DD2DA00DD9AD2 /* ViewControllerOne.swift in Sources */ = {isa = PBXBuildFile; fileRef = E9DD540C208DD2DA00DD9AD2 /* ViewControllerOne.swift */; };
		E9DD540F208DD2ED00DD9AD2 /* ViewControllerTwo.swift in Sources */ = {isa = PBXBuildFile; fileRef = E9DD540E208DD2ED00DD9AD2 /* ViewControllerTwo.swift */; };
		E9DD5411208DD30300DD9AD2 /* ViewControllerThree.swift in Sources */ = {isa = PBXBuildFile; fileRef = E9DD5410208DD30300DD9AD2 /* ViewControllerThree.swift */; };
/* End PBXBuildFile section */

/* Begin PBXFileReference section */
		E9DD53F5208DCE8C00DD9AD2 /* PageViewExample.app */ = {isa = PBXFileReference; explicitFileType = wrapper.application; includeInIndex = 0; path = PageViewExample.app; sourceTree = BUILT_PRODUCTS_DIR; };
		E9DD53F8208DCE8C00DD9AD2 /* AppDelegate.swift */ = {isa = PBXFileReference; lastKnownFileType = sourcecode.swift; path = AppDelegate.swift; sourceTree = "<group>"; };
		E9DD53FA208DCE8C00DD9AD2 /* ViewController.swift */ = {isa = PBXFileReference; lastKnownFileType = sourcecode.swift; path = ViewController.swift; sourceTree = "<group>"; };
		E9DD53FD208DCE8C00DD9AD2 /* Base */ = {isa = PBXFileReference; lastKnownFileType = file.storyboard; name = Base; path = Base.lproj/Main.storyboard; sourceTree = "<group>"; };
		E9DD53FF208DCE8C00DD9AD2 /* Assets.xcassets */ = {isa = PBXFileReference; lastKnownFileType = folder.assetcatalog; path = Assets.xcassets; sourceTree = "<group>"; };
		E9DD5402208DCE8C00DD9AD2 /* Base */ = {isa = PBXFileReference; lastKnownFileType = file.storyboard; name = Base; path = Base.lproj/LaunchScreen.storyboard; sourceTree = "<group>"; };
		E9DD5404208DCE8C00DD9AD2 /* Info.plist */ = {isa = PBXFileReference; lastKnownFileType = text.plist.xml; path = Info.plist; sourceTree = "<group>"; };
		E9DD540A208DD2B800DD9AD2 /* PageViewController.swift */ = {isa = PBXFileReference; lastKnownFileType = sourcecode.swift; path = PageViewController.swift; sourceTree = "<group>"; };
		E9DD540C208DD2DA00DD9AD2 /* ViewControllerOne.swift */ = {isa = PBXFileReference; lastKnownFileType = sourcecode.swift; path = ViewControllerOne.swift; sourceTree = "<group>"; };
		E9DD540E208DD2ED00DD9AD2 /* ViewControllerTwo.swift */ = {isa = PBXFileReference; lastKnownFileType = sourcecode.swift; path = ViewControllerTwo.swift; sourceTree = "<group>"; };
		E9DD5410208DD30300DD9AD2 /* ViewControllerThree.swift */ = {isa = PBXFileReference; lastKnownFileType = sourcecode.swift; path = ViewControllerThree.swift; sourceTree = "<group>"; };
/* End PBXFileReference section */

/* Begin PBXFrameworksBuildPhase section */
		E9DD53F2208DCE8C00DD9AD2 /* Frameworks */ = {
			isa = PBXFrameworksBuildPhase;
			buildActionMask = 2147483647;
			files = (
			);
			runOnlyForDeploymentPostprocessing = 0;
		};
/* End PBXFrameworksBuildPhase section */

/* Begin PBXGroup section */
		E9DD53EC208DCE8C00DD9AD2 = {
			isa = PBXGroup;
			children = (
				E9DD53F7208DCE8C00DD9AD2 /* PageViewExample */,
				E9DD53F6208DCE8C00DD9AD2 /* Products */,
			);
			sourceTree = "<group>";
		};
		E9DD53F6208DCE8C00DD9AD2 /* Products */ = {
			isa = PBXGroup;
			children = (
				E9DD53F5208DCE8C00DD9AD2 /* PageViewExample.app */,
			);
			name = Products;
			sourceTree = "<group>";
		};
		E9DD53F7208DCE8C00DD9AD2 /* PageViewExample */ = {
			isa = PBXGroup;
			children = (
				E9DD53F8208DCE8C00DD9AD2 /* AppDelegate.swift */,
				E9DD53FA208DCE8C00DD9AD2 /* ViewController.swift */,
				E9DD53FC208DCE8C00DD9AD2 /* Main.storyboard */,
				E9DD540A208DD2B800DD9AD2 /* PageViewController.swift */,
				E9DD540C208DD2DA00DD9AD2 /* ViewControllerOne.swift */,
				E9DD540E208DD2ED00DD9AD2 /* ViewControllerTwo.swift */,
				E9DD5410208DD30300DD9AD2 /* ViewControllerThree.swift */,
				E9DD53FF208DCE8C00DD9AD2 /* Assets.xcassets */,
				E9DD5401208DCE8C00DD9AD2 /* LaunchScreen.storyboard */,
				E9DD5404208DCE8C00DD9AD2 /* Info.plist */,
			);
			path = PageViewExample;
			sourceTree = "<group>";
		};
/* End PBXGroup section */

/* Begin PBXNativeTarget section */
		E9DD53F4208DCE8C00DD9AD2 /* PageViewExample */ = {
			isa = PBXNativeTarget;
			buildConfigurationList = E9DD5407208DCE8C00DD9AD2 /* Build configuration list for PBXNativeTarget "PageViewExample" */;
			buildPhases = (
				E9DD53F1208DCE8C00DD9AD2 /* Sources */,
				E9DD53F2208DCE8C00DD9AD2 /* Frameworks */,
				E9DD53F3208DCE8C00DD9AD2 /* Resources */,
			);
			buildRules = (
			);
			dependencies = (
			);
			name = PageViewExample;
			productName = PageViewExample;
			productReference = E9DD53F5208DCE8C00DD9AD2 /* PageViewExample.app */;
			productType = "com.apple.product-type.application";
		};
/* End PBXNativeTarget section */

/* Begin PBXProject section */
		E9DD53ED208DCE8C00DD9AD2 /* Project object */ = {
			isa = PBXProject;
			attributes = {
				LastSwiftUpdateCheck = 0920;
				LastUpgradeCheck = 0920;
				ORGANIZATIONNAME = Steadfast;
				TargetAttributes = {
					E9DD53F4208DCE8C00DD9AD2 = {
						CreatedOnToolsVersion = 9.2;
						ProvisioningStyle = Automatic;
					};
				};
			};
			buildConfigurationList = E9DD53F0208DCE8C00DD9AD2 /* Build configuration list for PBXProject "PageViewExample" */;
			compatibilityVersion = "Xcode 8.0";
			developmentRegion = en;
			hasScannedForEncodings = 0;
			knownRegions = (
				en,
				Base,
			);
			mainGroup = E9DD53EC208DCE8C00DD9AD2;
			productRefGroup = E9DD53F6208DCE8C00DD9AD2 /* Products */;
			projectDirPath = "";
			projectRoot = "";
			targets = (
				E9DD53F4208DCE8C00DD9AD2 /* PageViewExample */,
			);
		};
/* End PBXProject section */

/* Begin PBXResourcesBuildPhase section */
		E9DD53F3208DCE8C00DD9AD2 /* Resources */ = {
			isa = PBXResourcesBuildPhase;
			buildActionMask = 2147483647;
			files = (
				E9DD5403208DCE8C00DD9AD2 /* LaunchScreen.storyboard in Resources */,
				E9DD5400208DCE8C00DD9AD2 /* Assets.xcassets in Resources */,
				E9DD53FE208DCE8C00DD9AD2 /* Main.storyboard in Resources */,
			);
			runOnlyForDeploymentPostprocessing = 0;
		};
/* End PBXResourcesBuildPhase section */

/* Begin PBXSourcesBuildPhase section */
		E9DD53F1208DCE8C00DD9AD2 /* Sources */ = {
			isa = PBXSourcesBuildPhase;
			buildActionMask = 2147483647;
			files = (
				E9DD540F208DD2ED00DD9AD2 /* ViewControllerTwo.swift in Sources */,
				E9DD5411208DD30300DD9AD2 /* ViewControllerThree.swift in Sources */,
				E9DD540B208DD2B800DD9AD2 /* PageViewController.swift in Sources */,
				E9DD53FB208DCE8C00DD9AD2 /* ViewController.swift in Sources */,
				E9DD53F9208DCE8C00DD9AD2 /* AppDelegate.swift in Sources */,
				E9DD540D208DD2DA00DD9AD2 /* ViewControllerOne.swift in Sources */,
			);
			runOnlyForDeploymentPostprocessing = 0;
		};
/* End PBXSourcesBuildPhase section */

/* Begin PBXVariantGroup section */
		E9DD53FC208DCE8C00DD9AD2 /* Main.storyboard */ = {
			isa = PBXVariantGroup;
			children = (
				E9DD53FD208DCE8C00DD9AD2 /* Base */,
			);
			name = Main.storyboard;
			sourceTree = "<group>";
		};
		E9DD5401208DCE8C00DD9AD2 /* LaunchScreen.storyboard */ = {
			isa = PBXVariantGroup;
			children = (
				E9DD5402208DCE8C00DD9AD2 /* Base */,
			);
			name = LaunchScreen.storyboard;
			sourceTree = "<group>";
		};
/* End PBXVariantGroup section */

/* Begin XCBuildConfiguration section */
		E9DD5405208DCE8C00DD9AD2 /* Debug */ = {
			isa = XCBuildConfiguration;
			buildSettings = {
				ALWAYS_SEARCH_USER_PATHS = NO;
				CLANG_ANALYZER_NONNULL = YES;
				CLANG_ANALYZER_NUMBER_OBJECT_CONVERSION = YES_AGGRESSIVE;
				CLANG_CXX_LANGUAGE_STANDARD = "gnu++14";
				CLANG_CXX_LIBRARY = "libc++";
				CLANG_ENABLE_MODULES = YES;
				CLANG_ENABLE_OBJC_ARC = YES;
				CLANG_WARN_BLOCK_CAPTURE_AUTORELEASING = YES;
				CLANG_WARN_BOOL_CONVERSION = YES;
				CLANG_WARN_COMMA = YES;
				CLANG_WARN_CONSTANT_CONVERSION = YES;
				CLANG_WARN_DIRECT_OBJC_ISA_USAGE = YES_ERROR;
				CLANG_WARN_DOCUMENTATION_COMMENTS = YES;
				CLANG_WARN_EMPTY_BODY = YES;
				CLANG_WARN_ENUM_CONVERSION = YES;
				CLANG_WARN_INFINITE_RECURSION = YES;
				CLANG_WARN_INT_CONVERSION = YES;
				CLANG_WARN_NON_LITERAL_NULL_CONVERSION = YES;
				CLANG_WARN_OBJC_LITERAL_CONVERSION = YES;
				CLANG_WARN_OBJC_ROOT_CLASS = YES_ERROR;
				CLANG_WARN_RANGE_LOOP_ANALYSIS = YES;
				CLANG_WARN_STRICT_PROTOTYPES = YES;
				CLANG_WARN_SUSPICIOUS_MOVE = YES;
				CLANG_WARN_UNGUARDED_AVAILABILITY = YES_AGGRESSIVE;
				CLANG_WARN_UNREACHABLE_CODE = YES;
				CLANG_WARN__DUPLICATE_METHOD_MATCH = YES;
				CODE_SIGN_IDENTITY = "iPhone Developer";
				COPY_PHASE_STRIP = NO;
				DEBUG_INFORMATION_FORMAT = dwarf;
				ENABLE_STRICT_OBJC_MSGSEND = YES;
				ENABLE_TESTABILITY = YES;
				GCC_C_LANGUAGE_STANDARD = gnu11;
				GCC_DYNAMIC_NO_PIC = NO;
				GCC_NO_COMMON_BLOCKS = YES;
				GCC_OPTIMIZATION_LEVEL = 0;
				GCC_PREPROCESSOR_DEFINITIONS = (
					"DEBUG=1",
					"$(inherited)",
				);
				GCC_WARN_64_TO_32_BIT_CONVERSION = YES;
				GCC_WARN_ABOUT_RETURN_TYPE = YES_ERROR;
				GCC_WARN_UNDECLARED_SELECTOR = YES;
				GCC_WARN_UNINITIALIZED_AUTOS = YES_AGGRESSIVE;
				GCC_WARN_UNUSED_FUNCTION = YES;
				GCC_WARN_UNUSED_VARIABLE = YES;
				IPHONEOS_DEPLOYMENT_TARGET = 11.2;
				MTL_ENABLE_DEBUG_INFO = YES;
				ONLY_ACTIVE_ARCH = YES;
				SDKROOT = iphoneos;
				SWIFT_ACTIVE_COMPILATION_CONDITIONS = DEBUG;
				SWIFT_OPTIMIZATION_LEVEL = "-Onone";
			};
			name = Debug;
		};
		E9DD5406208DCE8C00DD9AD2 /* Release */ = {
			isa = XCBuildConfiguration;
			buildSettings = {
				ALWAYS_SEARCH_USER_PATHS = NO;
				CLANG_ANALYZER_NONNULL = YES;
				CLANG_ANALYZER_NUMBER_OBJECT_CONVERSION = YES_AGGRESSIVE;
				CLANG_CXX_LANGUAGE_STANDARD = "gnu++14";
				CLANG_CXX_LIBRARY = "libc++";
				CLANG_ENABLE_MODULES = YES;
				CLANG_ENABLE_OBJC_ARC = YES;
				CLANG_WARN_BLOCK_CAPTURE_AUTORELEASING = YES;
				CLANG_WARN_BOOL_CONVERSION = YES;
				CLANG_WARN_COMMA = YES;
				CLANG_WARN_CONSTANT_CONVERSION = YES;
				CLANG_WARN_DIRECT_OBJC_ISA_USAGE = YES_ERROR;
				CLANG_WARN_DOCUMENTATION_COMMENTS = YES;
				CLANG_WARN_EMPTY_BODY = YES;
				CLANG_WARN_ENUM_CONVERSION = YES;
				CLANG_WARN_INFINITE_RECURSION = YES;
				CLANG_WARN_INT_CONVERSION = YES;
				CLANG_WARN_NON_LITERAL_NULL_CONVERSION = YES;
				CLANG_WARN_OBJC_LITERAL_CONVERSION = YES;
				CLANG_WARN_OBJC_ROOT_CLASS = YES_ERROR;
				CLANG_WARN_RANGE_LOOP_ANALYSIS = YES;
				CLANG_WARN_STRICT_PROTOTYPES = YES;
				CLANG_WARN_SUSPICIOUS_MOVE = YES;
				CLANG_WARN_UNGUARDED_AVAILABILITY = YES_AGGRESSIVE;
				CLANG_WARN_UNREACHABLE_CODE = YES;
				CLANG_WARN__DUPLICATE_METHOD_MATCH = YES;
				CODE_SIGN_IDENTITY = "iPhone Developer";
				COPY_PHASE_STRIP = NO;
				DEBUG_INFORMATION_FORMAT = "dwarf-with-dsym";
				ENABLE_NS_ASSERTIONS = NO;
				ENABLE_STRICT_OBJC_MSGSEND = YES;
				GCC_C_LANGUAGE_STANDARD = gnu11;
				GCC_NO_COMMON_BLOCKS = YES;
				GCC_WARN_64_TO_32_BIT_CONVERSION = YES;
				GCC_WARN_ABOUT_RETURN_TYPE = YES_ERROR;
				GCC_WARN_UNDECLARED_SELECTOR = YES;
				GCC_WARN_UNINITIALIZED_AUTOS = YES_AGGRESSIVE;
				GCC_WARN_UNUSED_FUNCTION = YES;
				GCC_WARN_UNUSED_VARIABLE = YES;
				IPHONEOS_DEPLOYMENT_TARGET = 11.2;
				MTL_ENABLE_DEBUG_INFO = NO;
				SDKROOT = iphoneos;
				SWIFT_OPTIMIZATION_LEVEL = "-Owholemodule";
				VALIDATE_PRODUCT = YES;
			};
			name = Release;
		};
		E9DD5408208DCE8C00DD9AD2 /* Debug */ = {
			isa = XCBuildConfiguration;
			buildSettings = {
				ASSETCATALOG_COMPILER_APPICON_NAME = AppIcon;
				CODE_SIGN_STYLE = Automatic;
				INFOPLIST_FILE = PageViewExample/Info.plist;
				LD_RUNPATH_SEARCH_PATHS = "$(inherited) @executable_path/Frameworks";
				PRODUCT_BUNDLE_IDENTIFIER = com.steadfast.PageViewExample;
				PRODUCT_NAME = "$(TARGET_NAME)";
				SWIFT_VERSION = 4.0;
				TARGETED_DEVICE_FAMILY = "1,2";
			};
			name = Debug;
		};
		E9DD5409208DCE8C00DD9AD2 /* Release */ = {
			isa = XCBuildConfiguration;
			buildSettings = {
				ASSETCATALOG_COMPILER_APPICON_NAME = AppIcon;
				CODE_SIGN_STYLE = Automatic;
				INFOPLIST_FILE = PageViewExample/Info.plist;
				LD_RUNPATH_SEARCH_PATHS = "$(inherited) @executable_path/Frameworks";
				PRODUCT_BUNDLE_IDENTIFIER = com.steadfast.PageViewExample;
				PRODUCT_NAME = "$(TARGET_NAME)";
				SWIFT_VERSION = 4.0;
				TARGETED_DEVICE_FAMILY = "1,2";
			};
			name = Release;
		};
/* End XCBuildConfiguration section */

/* Begin XCConfigurationList section */
		E9DD53F0208DCE8C00DD9AD2 /* Build configuration list for PBXProject "PageViewExample" */ = {
			isa = XCConfigurationList;
			buildConfigurations = (
				E9DD5405208DCE8C00DD9AD2 /* Debug */,
				E9DD5406208DCE8C00DD9AD2 /* Release */,
			);
			defaultConfigurationIsVisible = 0;
			defaultConfigurationName = Release;
		};
		E9DD5407208DCE8C00DD9AD2 /* Build configuration list for PBXNativeTarget "PageViewExample" */ = {
			isa = XCConfigurationList;
			buildConfigurations = (
				E9DD5408208DCE8C00DD9AD2 /* Debug */,
				E9DD5409208DCE8C00DD9AD2 /* Release */,
			);
			defaultConfigurationIsVisible = 0;
			defaultConfigurationName = Release;
		};
/* End XCConfigurationList section */
	};
	rootObject = E9DD53ED208DCE8C00DD9AD2 /* Project object */;
}
